
Microsoft Visual Studio Solution File, Format Version 12.00
# Visual Studio Version 16
VisualStudioVersion = 16.0.32126.315
MinimumVisualStudioVersion = 10.0.40219.1
Project("{FAE04EC0-301F-11D3-BF4B-00C04F79EFBC}") = "eBoxOfficeAdminApp", "eBoxOfficeAdminApp\eBoxOfficeAdminApp.csproj", "{40671EFE-B1C1-4C45-A232-07B38EEF0563}"
EndProject
Global
	GlobalSection(SolutionConfigurationPlatforms) = preSolution
		Debug|Any CPU = Debug|Any CPU
		Release|Any CPU = Release|Any CPU
	EndGlobalSection
	GlobalSection(ProjectConfigurationPlatforms) = postSolution
		{40671EFE-B1C1-4C45-A232-07B38EEF0563}.Debug|Any CPU.ActiveCfg = Debug|Any CPU
		{40671EFE-B1C1-4C45-A232-07B38EEF0563}.Debug|Any CPU.Build.0 = Debug|Any CPU
		{40671EFE-B1C1-4C45-A232-07B38EEF0563}.Release|Any CPU.ActiveCfg = Release|Any CPU
		{40671EFE-B1C1-4C45-A232-07B38EEF0563}.Release|Any CPU.Build.0 = Release|Any CPU
	EndGlobalSection
	GlobalSection(SolutionProperties) = preSolution
		HideSolutionNode = FALSE
	EndGlobalSection
	GlobalSection(ExtensibilityGlobals) = postSolution
		SolutionGuid = {E5B69564-69FC-4797-81E6-9BCE56F908B8}
	EndGlobalSection
EndGlobal
