
Microsoft Visual Studio Solution File, Format Version 12.00
# Visual Studio Version 16
VisualStudioVersion = 16.0.32126.315
MinimumVisualStudioVersion = 10.0.40219.1
Project("{9A19103F-16F7-4668-BE54-9A1E7A4F7556}") = "homework", "homework\homework.csproj", "{6EBE0775-090E-4298-B0F6-16BD7BD97264}"
EndProject
Project("{FAE04EC0-301F-11D3-BF4B-00C04F79EFBC}") = "eBoxOffice.Domain", "eBoxOffice.Domain\eBoxOffice.Domain.csproj", "{AC52B44B-721D-4E23-90E4-160EB28C6FFF}"
EndProject
Project("{FAE04EC0-301F-11D3-BF4B-00C04F79EFBC}") = "eBoxOffice.Repository", "eBoxOffice.Repository\eBoxOffice.Repository.csproj", "{48D0C865-20EE-472F-AA44-AED9EB5708BE}"
EndProject
Project("{FAE04EC0-301F-11D3-BF4B-00C04F79EFBC}") = "eBoxOffice.Service", "eBoxOffice.Service\eBoxOffice.Service.csproj", "{71E19B25-69BC-451A-9AEB-5A4DEF0F2432}"
EndProject
Project("{FAE04EC0-301F-11D3-BF4B-00C04F79EFBC}") = "eBoxOffice.Web", "eBoxOffice.Web\eBoxOffice.Web.csproj", "{ECC174DF-249B-4800-9026-1AAC6716CD32}"
EndProject
Global
	GlobalSection(SolutionConfigurationPlatforms) = preSolution
		Debug|Any CPU = Debug|Any CPU
		Release|Any CPU = Release|Any CPU
	EndGlobalSection
	GlobalSection(ProjectConfigurationPlatforms) = postSolution
		{6EBE0775-090E-4298-B0F6-16BD7BD97264}.Debug|Any CPU.ActiveCfg = Debug|Any CPU
		{6EBE0775-090E-4298-B0F6-16BD7BD97264}.Debug|Any CPU.Build.0 = Debug|Any CPU
		{6EBE0775-090E-4298-B0F6-16BD7BD97264}.Release|Any CPU.ActiveCfg = Release|Any CPU
		{6EBE0775-090E-4298-B0F6-16BD7BD97264}.Release|Any CPU.Build.0 = Release|Any CPU
		{AC52B44B-721D-4E23-90E4-160EB28C6FFF}.Debug|Any CPU.ActiveCfg = Debug|Any CPU
		{AC52B44B-721D-4E23-90E4-160EB28C6FFF}.Debug|Any CPU.Build.0 = Debug|Any CPU
		{AC52B44B-721D-4E23-90E4-160EB28C6FFF}.Release|Any CPU.ActiveCfg = Release|Any CPU
		{AC52B44B-721D-4E23-90E4-160EB28C6FFF}.Release|Any CPU.Build.0 = Release|Any CPU
		{48D0C865-20EE-472F-AA44-AED9EB5708BE}.Debug|Any CPU.ActiveCfg = Debug|Any CPU
		{48D0C865-20EE-472F-AA44-AED9EB5708BE}.Debug|Any CPU.Build.0 = Debug|Any CPU
		{48D0C865-20EE-472F-AA44-AED9EB5708BE}.Release|Any CPU.ActiveCfg = Release|Any CPU
		{48D0C865-20EE-472F-AA44-AED9EB5708BE}.Release|Any CPU.Build.0 = Release|Any CPU
		{71E19B25-69BC-451A-9AEB-5A4DEF0F2432}.Debug|Any CPU.ActiveCfg = Debug|Any CPU
		{71E19B25-69BC-451A-9AEB-5A4DEF0F2432}.Debug|Any CPU.Build.0 = Debug|Any CPU
		{71E19B25-69BC-451A-9AEB-5A4DEF0F2432}.Release|Any CPU.ActiveCfg = Release|Any CPU
		{71E19B25-69BC-451A-9AEB-5A4DEF0F2432}.Release|Any CPU.Build.0 = Release|Any CPU
		{ECC174DF-249B-4800-9026-1AAC6716CD32}.Debug|Any CPU.ActiveCfg = Debug|Any CPU
		{ECC174DF-249B-4800-9026-1AAC6716CD32}.Debug|Any CPU.Build.0 = Debug|Any CPU
		{ECC174DF-249B-4800-9026-1AAC6716CD32}.Release|Any CPU.ActiveCfg = Release|Any CPU
		{ECC174DF-249B-4800-9026-1AAC6716CD32}.Release|Any CPU.Build.0 = Release|Any CPU
	EndGlobalSection
	GlobalSection(SolutionProperties) = preSolution
		HideSolutionNode = FALSE
	EndGlobalSection
	GlobalSection(ExtensibilityGlobals) = postSolution
		SolutionGuid = {63768514-692C-4071-8BCD-F9E485644447}
	EndGlobalSection
EndGlobal
